// !$*UTF8*$!
{
	archiveVersion = 1;
	classes = {
	};
	objectVersion = 50;
	objects = {

/* Begin PBXBuildFile section */
		932C081615AB01171E2C67AF /* Pods_DaPai.framework in Frameworks */ = {isa = PBXBuildFile; fileRef = 5EB2D9E21D417D354CE75F9F /* Pods_DaPai.framework */; };
		AB84434354759661D3CAC808 /* Pods_DaPaiTests.framework in Frameworks */ = {isa = PBXBuildFile; fileRef = C8E0A6E7742549430B77D6EF /* Pods_DaPaiTests.framework */; };
		AF8F641AFD96E4D80E83255D /* Pods_DaPaiUITests.framework in Frameworks */ = {isa = PBXBuildFile; fileRef = 2C5443349118384298C34D6D /* Pods_DaPaiUITests.framework */; };
		B0F1B7C222E70ED6003B6FD6 /* AppDelegate.swift in Sources */ = {isa = PBXBuildFile; fileRef = B0F1B7C122E70ED6003B6FD6 /* AppDelegate.swift */; };
		B0F1B7C422E70ED6003B6FD6 /* ViewController.swift in Sources */ = {isa = PBXBuildFile; fileRef = B0F1B7C322E70ED6003B6FD6 /* ViewController.swift */; };
		B0F1B7C722E70ED6003B6FD6 /* Main.storyboard in Resources */ = {isa = PBXBuildFile; fileRef = B0F1B7C522E70ED6003B6FD6 /* Main.storyboard */; };
		B0F1B7C922E70ED8003B6FD6 /* Assets.xcassets in Resources */ = {isa = PBXBuildFile; fileRef = B0F1B7C822E70ED8003B6FD6 /* Assets.xcassets */; };
		B0F1B7CC22E70ED8003B6FD6 /* LaunchScreen.storyboard in Resources */ = {isa = PBXBuildFile; fileRef = B0F1B7CA22E70ED8003B6FD6 /* LaunchScreen.storyboard */; };
		B0F1B7D722E70ED8003B6FD6 /* DaPaiTests.swift in Sources */ = {isa = PBXBuildFile; fileRef = B0F1B7D622E70ED8003B6FD6 /* DaPaiTests.swift */; };
		B0F1B7E222E70ED8003B6FD6 /* DaPaiUITests.swift in Sources */ = {isa = PBXBuildFile; fileRef = B0F1B7E122E70ED8003B6FD6 /* DaPaiUITests.swift */; };
/* End PBXBuildFile section */

/* Begin PBXContainerItemProxy section */
		B0F1B7D322E70ED8003B6FD6 /* PBXContainerItemProxy */ = {
			isa = PBXContainerItemProxy;
			containerPortal = B0F1B7B622E70ED6003B6FD6 /* Project object */;
			proxyType = 1;
			remoteGlobalIDString = B0F1B7BD22E70ED6003B6FD6;
			remoteInfo = DaPai;
		};
		B0F1B7DE22E70ED8003B6FD6 /* PBXContainerItemProxy */ = {
			isa = PBXContainerItemProxy;
			containerPortal = B0F1B7B622E70ED6003B6FD6 /* Project object */;
			proxyType = 1;
			remoteGlobalIDString = B0F1B7BD22E70ED6003B6FD6;
			remoteInfo = DaPai;
		};
/* End PBXContainerItemProxy section */

/* Begin PBXFileReference section */
		2C5443349118384298C34D6D /* Pods_DaPaiUITests.framework */ = {isa = PBXFileReference; explicitFileType = wrapper.framework; includeInIndex = 0; path = Pods_DaPaiUITests.framework; sourceTree = BUILT_PRODUCTS_DIR; };
		421E28430F3CC330849800E0 /* Pods-DaPaiTests.debug.xcconfig */ = {isa = PBXFileReference; includeInIndex = 1; lastKnownFileType = text.xcconfig; name = "Pods-DaPaiTests.debug.xcconfig"; path = "Target Support Files/Pods-DaPaiTests/Pods-DaPaiTests.debug.xcconfig"; sourceTree = "<group>"; };
		48A3B7ADACE3AF89084C3ED6 /* Pods-DaPai.release.xcconfig */ = {isa = PBXFileReference; includeInIndex = 1; lastKnownFileType = text.xcconfig; name = "Pods-DaPai.release.xcconfig"; path = "Target Support Files/Pods-DaPai/Pods-DaPai.release.xcconfig"; sourceTree = "<group>"; };
		5EB2D9E21D417D354CE75F9F /* Pods_DaPai.framework */ = {isa = PBXFileReference; explicitFileType = wrapper.framework; includeInIndex = 0; path = Pods_DaPai.framework; sourceTree = BUILT_PRODUCTS_DIR; };
		70C42C4E333154A6D2B7DDAE /* Pods-DaPai.debug.xcconfig */ = {isa = PBXFileReference; includeInIndex = 1; lastKnownFileType = text.xcconfig; name = "Pods-DaPai.debug.xcconfig"; path = "Target Support Files/Pods-DaPai/Pods-DaPai.debug.xcconfig"; sourceTree = "<group>"; };
		B0F1B7BE22E70ED6003B6FD6 /* DaPai.app */ = {isa = PBXFileReference; explicitFileType = wrapper.application; includeInIndex = 0; path = DaPai.app; sourceTree = BUILT_PRODUCTS_DIR; };
		B0F1B7C122E70ED6003B6FD6 /* AppDelegate.swift */ = {isa = PBXFileReference; lastKnownFileType = sourcecode.swift; path = AppDelegate.swift; sourceTree = "<group>"; };
		B0F1B7C322E70ED6003B6FD6 /* ViewController.swift */ = {isa = PBXFileReference; lastKnownFileType = sourcecode.swift; path = ViewController.swift; sourceTree = "<group>"; };
		B0F1B7C622E70ED6003B6FD6 /* Base */ = {isa = PBXFileReference; lastKnownFileType = file.storyboard; name = Base; path = Base.lproj/Main.storyboard; sourceTree = "<group>"; };
		B0F1B7C822E70ED8003B6FD6 /* Assets.xcassets */ = {isa = PBXFileReference; lastKnownFileType = folder.assetcatalog; path = Assets.xcassets; sourceTree = "<group>"; };
		B0F1B7CB22E70ED8003B6FD6 /* Base */ = {isa = PBXFileReference; lastKnownFileType = file.storyboard; name = Base; path = Base.lproj/LaunchScreen.storyboard; sourceTree = "<group>"; };
		B0F1B7CD22E70ED8003B6FD6 /* Info.plist */ = {isa = PBXFileReference; lastKnownFileType = text.plist.xml; path = Info.plist; sourceTree = "<group>"; };
		B0F1B7D222E70ED8003B6FD6 /* DaPaiTests.xctest */ = {isa = PBXFileReference; explicitFileType = wrapper.cfbundle; includeInIndex = 0; path = DaPaiTests.xctest; sourceTree = BUILT_PRODUCTS_DIR; };
		B0F1B7D622E70ED8003B6FD6 /* DaPaiTests.swift */ = {isa = PBXFileReference; lastKnownFileType = sourcecode.swift; path = DaPaiTests.swift; sourceTree = "<group>"; };
		B0F1B7D822E70ED8003B6FD6 /* Info.plist */ = {isa = PBXFileReference; lastKnownFileType = text.plist.xml; path = Info.plist; sourceTree = "<group>"; };
		B0F1B7DD22E70ED8003B6FD6 /* DaPaiUITests.xctest */ = {isa = PBXFileReference; explicitFileType = wrapper.cfbundle; includeInIndex = 0; path = DaPaiUITests.xctest; sourceTree = BUILT_PRODUCTS_DIR; };
		B0F1B7E122E70ED8003B6FD6 /* DaPaiUITests.swift */ = {isa = PBXFileReference; lastKnownFileType = sourcecode.swift; path = DaPaiUITests.swift; sourceTree = "<group>"; };
		B0F1B7E322E70ED8003B6FD6 /* Info.plist */ = {isa = PBXFileReference; lastKnownFileType = text.plist.xml; path = Info.plist; sourceTree = "<group>"; };
		B40C14672FC8016D03005187 /* Pods-DaPaiUITests.debug.xcconfig */ = {isa = PBXFileReference; includeInIndex = 1; lastKnownFileType = text.xcconfig; name = "Pods-DaPaiUITests.debug.xcconfig"; path = "Target Support Files/Pods-DaPaiUITests/Pods-DaPaiUITests.debug.xcconfig"; sourceTree = "<group>"; };
		B755A28C3FA312EA1CB0D2FA /* Pods-DaPaiTests.release.xcconfig */ = {isa = PBXFileReference; includeInIndex = 1; lastKnownFileType = text.xcconfig; name = "Pods-DaPaiTests.release.xcconfig"; path = "Target Support Files/Pods-DaPaiTests/Pods-DaPaiTests.release.xcconfig"; sourceTree = "<group>"; };
		BC090B680C1CBD2949492964 /* Pods-DaPaiUITests.release.xcconfig */ = {isa = PBXFileReference; includeInIndex = 1; lastKnownFileType = text.xcconfig; name = "Pods-DaPaiUITests.release.xcconfig"; path = "Target Support Files/Pods-DaPaiUITests/Pods-DaPaiUITests.release.xcconfig"; sourceTree = "<group>"; };
		C8E0A6E7742549430B77D6EF /* Pods_DaPaiTests.framework */ = {isa = PBXFileReference; explicitFileType = wrapper.framework; includeInIndex = 0; path = Pods_DaPaiTests.framework; sourceTree = BUILT_PRODUCTS_DIR; };
/* End PBXFileReference section */

/* Begin PBXFrameworksBuildPhase section */
		B0F1B7BB22E70ED6003B6FD6 /* Frameworks */ = {
			isa = PBXFrameworksBuildPhase;
			buildActionMask = 2147483647;
			files = (
				932C081615AB01171E2C67AF /* Pods_DaPai.framework in Frameworks */,
			);
			runOnlyForDeploymentPostprocessing = 0;
		};
		B0F1B7CF22E70ED8003B6FD6 /* Frameworks */ = {
			isa = PBXFrameworksBuildPhase;
			buildActionMask = 2147483647;
			files = (
				AB84434354759661D3CAC808 /* Pods_DaPaiTests.framework in Frameworks */,
			);
			runOnlyForDeploymentPostprocessing = 0;
		};
		B0F1B7DA22E70ED8003B6FD6 /* Frameworks */ = {
			isa = PBXFrameworksBuildPhase;
			buildActionMask = 2147483647;
			files = (
				AF8F641AFD96E4D80E83255D /* Pods_DaPaiUITests.framework in Frameworks */,
			);
			runOnlyForDeploymentPostprocessing = 0;
		};
/* End PBXFrameworksBuildPhase section */

/* Begin PBXGroup section */
		8F4CE37ADC7AADC00D476FAA /* Pods */ = {
			isa = PBXGroup;
			children = (
				70C42C4E333154A6D2B7DDAE /* Pods-DaPai.debug.xcconfig */,
				48A3B7ADACE3AF89084C3ED6 /* Pods-DaPai.release.xcconfig */,
				421E28430F3CC330849800E0 /* Pods-DaPaiTests.debug.xcconfig */,
				B755A28C3FA312EA1CB0D2FA /* Pods-DaPaiTests.release.xcconfig */,
				B40C14672FC8016D03005187 /* Pods-DaPaiUITests.debug.xcconfig */,
				BC090B680C1CBD2949492964 /* Pods-DaPaiUITests.release.xcconfig */,
			);
			name = Pods;
			path = Pods;
			sourceTree = "<group>";
		};
		B0F1B7B522E70ED6003B6FD6 = {
			isa = PBXGroup;
			children = (
				B0F1B7C022E70ED6003B6FD6 /* DaPai */,
				B0F1B7D522E70ED8003B6FD6 /* DaPaiTests */,
				B0F1B7E022E70ED8003B6FD6 /* DaPaiUITests */,
				B0F1B7BF22E70ED6003B6FD6 /* Products */,
				8F4CE37ADC7AADC00D476FAA /* Pods */,
				FD07113DBF761C0C90B0BE30 /* Frameworks */,
			);
			sourceTree = "<group>";
		};
		B0F1B7BF22E70ED6003B6FD6 /* Products */ = {
			isa = PBXGroup;
			children = (
				B0F1B7BE22E70ED6003B6FD6 /* DaPai.app */,
				B0F1B7D222E70ED8003B6FD6 /* DaPaiTests.xctest */,
				B0F1B7DD22E70ED8003B6FD6 /* DaPaiUITests.xctest */,
			);
			name = Products;
			sourceTree = "<group>";
		};
		B0F1B7C022E70ED6003B6FD6 /* DaPai */ = {
			isa = PBXGroup;
			children = (
				B0F1B7C122E70ED6003B6FD6 /* AppDelegate.swift */,
				B0F1B7C322E70ED6003B6FD6 /* ViewController.swift */,
				B0F1B7C522E70ED6003B6FD6 /* Main.storyboard */,
				B0F1B7C822E70ED8003B6FD6 /* Assets.xcassets */,
				B0F1B7CA22E70ED8003B6FD6 /* LaunchScreen.storyboard */,
				B0F1B7CD22E70ED8003B6FD6 /* Info.plist */,
			);
			path = DaPai;
			sourceTree = "<group>";
		};
		B0F1B7D522E70ED8003B6FD6 /* DaPaiTests */ = {
			isa = PBXGroup;
			children = (
				B0F1B7D622E70ED8003B6FD6 /* DaPaiTests.swift */,
				B0F1B7D822E70ED8003B6FD6 /* Info.plist */,
			);
			path = DaPaiTests;
			sourceTree = "<group>";
		};
		B0F1B7E022E70ED8003B6FD6 /* DaPaiUITests */ = {
			isa = PBXGroup;
			children = (
				B0F1B7E122E70ED8003B6FD6 /* DaPaiUITests.swift */,
				B0F1B7E322E70ED8003B6FD6 /* Info.plist */,
			);
			path = DaPaiUITests;
			sourceTree = "<group>";
		};
		FD07113DBF761C0C90B0BE30 /* Frameworks */ = {
			isa = PBXGroup;
			children = (
				5EB2D9E21D417D354CE75F9F /* Pods_DaPai.framework */,
				C8E0A6E7742549430B77D6EF /* Pods_DaPaiTests.framework */,
				2C5443349118384298C34D6D /* Pods_DaPaiUITests.framework */,
			);
			name = Frameworks;
			sourceTree = "<group>";
		};
/* End PBXGroup section */

/* Begin PBXNativeTarget section */
		B0F1B7BD22E70ED6003B6FD6 /* DaPai */ = {
			isa = PBXNativeTarget;
			buildConfigurationList = B0F1B7E622E70ED8003B6FD6 /* Build configuration list for PBXNativeTarget "DaPai" */;
			buildPhases = (
				F68315F09B3159EC057914AD /* [CP] Check Pods Manifest.lock */,
				B0F1B7BA22E70ED6003B6FD6 /* Sources */,
				B0F1B7BB22E70ED6003B6FD6 /* Frameworks */,
				B0F1B7BC22E70ED6003B6FD6 /* Resources */,
				14BEC3C76F3D015D2E64435B /* [CP] Embed Pods Frameworks */,
			);
			buildRules = (
			);
			dependencies = (
			);
			name = DaPai;
			productName = DaPai;
			productReference = B0F1B7BE22E70ED6003B6FD6 /* DaPai.app */;
			productType = "com.apple.product-type.application";
		};
		B0F1B7D122E70ED8003B6FD6 /* DaPaiTests */ = {
			isa = PBXNativeTarget;
			buildConfigurationList = B0F1B7E922E70ED8003B6FD6 /* Build configuration list for PBXNativeTarget "DaPaiTests" */;
			buildPhases = (
				D1D0D15E4CA20D39280DAB0F /* [CP] Check Pods Manifest.lock */,
				B0F1B7CE22E70ED8003B6FD6 /* Sources */,
				B0F1B7CF22E70ED8003B6FD6 /* Frameworks */,
				B0F1B7D022E70ED8003B6FD6 /* Resources */,
			);
			buildRules = (
			);
			dependencies = (
				B0F1B7D422E70ED8003B6FD6 /* PBXTargetDependency */,
			);
			name = DaPaiTests;
			productName = DaPaiTests;
			productReference = B0F1B7D222E70ED8003B6FD6 /* DaPaiTests.xctest */;
			productType = "com.apple.product-type.bundle.unit-test";
		};
		B0F1B7DC22E70ED8003B6FD6 /* DaPaiUITests */ = {
			isa = PBXNativeTarget;
			buildConfigurationList = B0F1B7EC22E70ED8003B6FD6 /* Build configuration list for PBXNativeTarget "DaPaiUITests" */;
			buildPhases = (
				CB5A4104863DABC5C9C751F4 /* [CP] Check Pods Manifest.lock */,
				B0F1B7D922E70ED8003B6FD6 /* Sources */,
				B0F1B7DA22E70ED8003B6FD6 /* Frameworks */,
				B0F1B7DB22E70ED8003B6FD6 /* Resources */,
			);
			buildRules = (
			);
			dependencies = (
				B0F1B7DF22E70ED8003B6FD6 /* PBXTargetDependency */,
			);
			name = DaPaiUITests;
			productName = DaPaiUITests;
			productReference = B0F1B7DD22E70ED8003B6FD6 /* DaPaiUITests.xctest */;
			productType = "com.apple.product-type.bundle.ui-testing";
		};
/* End PBXNativeTarget section */

/* Begin PBXProject section */
		B0F1B7B622E70ED6003B6FD6 /* Project object */ = {
			isa = PBXProject;
			attributes = {
				LastSwiftUpdateCheck = 1020;
				LastUpgradeCheck = 1020;
				ORGANIZATIONNAME = xgc;
				TargetAttributes = {
					B0F1B7BD22E70ED6003B6FD6 = {
						CreatedOnToolsVersion = 10.2.1;
					};
					B0F1B7D122E70ED8003B6FD6 = {
						CreatedOnToolsVersion = 10.2.1;
						TestTargetID = B0F1B7BD22E70ED6003B6FD6;
					};
					B0F1B7DC22E70ED8003B6FD6 = {
						CreatedOnToolsVersion = 10.2.1;
						TestTargetID = B0F1B7BD22E70ED6003B6FD6;
					};
				};
			};
			buildConfigurationList = B0F1B7B922E70ED6003B6FD6 /* Build configuration list for PBXProject "DaPai" */;
			compatibilityVersion = "Xcode 9.3";
			developmentRegion = en;
			hasScannedForEncodings = 0;
			knownRegions = (
				en,
				Base,
			);
			mainGroup = B0F1B7B522E70ED6003B6FD6;
			productRefGroup = B0F1B7BF22E70ED6003B6FD6 /* Products */;
			projectDirPath = "";
			projectRoot = "";
			targets = (
				B0F1B7BD22E70ED6003B6FD6 /* DaPai */,
				B0F1B7D122E70ED8003B6FD6 /* DaPaiTests */,
				B0F1B7DC22E70ED8003B6FD6 /* DaPaiUITests */,
			);
		};
/* End PBXProject section */

/* Begin PBXResourcesBuildPhase section */
		B0F1B7BC22E70ED6003B6FD6 /* Resources */ = {
			isa = PBXResourcesBuildPhase;
			buildActionMask = 2147483647;
			files = (
				B0F1B7CC22E70ED8003B6FD6 /* LaunchScreen.storyboard in Resources */,
				B0F1B7C922E70ED8003B6FD6 /* Assets.xcassets in Resources */,
				B0F1B7C722E70ED6003B6FD6 /* Main.storyboard in Resources */,
			);
			runOnlyForDeploymentPostprocessing = 0;
		};
		B0F1B7D022E70ED8003B6FD6 /* Resources */ = {
			isa = PBXResourcesBuildPhase;
			buildActionMask = 2147483647;
			files = (
			);
			runOnlyForDeploymentPostprocessing = 0;
		};
		B0F1B7DB22E70ED8003B6FD6 /* Resources */ = {
			isa = PBXResourcesBuildPhase;
			buildActionMask = 2147483647;
			files = (
			);
			runOnlyForDeploymentPostprocessing = 0;
		};
/* End PBXResourcesBuildPhase section */

/* Begin PBXShellScriptBuildPhase section */
		14BEC3C76F3D015D2E64435B /* [CP] Embed Pods Frameworks */ = {
			isa = PBXShellScriptBuildPhase;
			buildActionMask = 2147483647;
			files = (
			);
			inputFileListPaths = (
				"${PODS_ROOT}/Target Support Files/Pods-DaPai/Pods-DaPai-frameworks-${CONFIGURATION}-input-files.xcfilelist",
			);
			name = "[CP] Embed Pods Frameworks";
			outputFileListPaths = (
				"${PODS_ROOT}/Target Support Files/Pods-DaPai/Pods-DaPai-frameworks-${CONFIGURATION}-output-files.xcfilelist",
			);
			runOnlyForDeploymentPostprocessing = 0;
			shellPath = /bin/sh;
			shellScript = "\"${PODS_ROOT}/Target Support Files/Pods-DaPai/Pods-DaPai-frameworks.sh\"\n";
			showEnvVarsInLog = 0;
		};
		CB5A4104863DABC5C9C751F4 /* [CP] Check Pods Manifest.lock */ = {
			isa = PBXShellScriptBuildPhase;
			buildActionMask = 2147483647;
			files = (
			);
			inputFileListPaths = (
			);
			inputPaths = (
				"${PODS_PODFILE_DIR_PATH}/Podfile.lock",
				"${PODS_ROOT}/Manifest.lock",
			);
			name = "[CP] Check Pods Manifest.lock";
			outputFileListPaths = (
			);
			outputPaths = (
				"$(DERIVED_FILE_DIR)/Pods-DaPaiUITests-checkManifestLockResult.txt",
			);
			runOnlyForDeploymentPostprocessing = 0;
			shellPath = /bin/sh;
			shellScript = "diff \"${PODS_PODFILE_DIR_PATH}/Podfile.lock\" \"${PODS_ROOT}/Manifest.lock\" > /dev/null\nif [ $? != 0 ] ; then\n    # print error to STDERR\n    echo \"error: The sandbox is not in sync with the Podfile.lock. Run 'pod install' or update your CocoaPods installation.\" >&2\n    exit 1\nfi\n# This output is used by Xcode 'outputs' to avoid re-running this script phase.\necho \"SUCCESS\" > \"${SCRIPT_OUTPUT_FILE_0}\"\n";
			showEnvVarsInLog = 0;
		};
		D1D0D15E4CA20D39280DAB0F /* [CP] Check Pods Manifest.lock */ = {
			isa = PBXShellScriptBuildPhase;
			buildActionMask = 2147483647;
			files = (
			);
			inputFileListPaths = (
			);
			inputPaths = (
				"${PODS_PODFILE_DIR_PATH}/Podfile.lock",
				"${PODS_ROOT}/Manifest.lock",
			);
			name = "[CP] Check Pods Manifest.lock";
			outputFileListPaths = (
			);
			outputPaths = (
				"$(DERIVED_FILE_DIR)/Pods-DaPaiTests-checkManifestLockResult.txt",
			);
			runOnlyForDeploymentPostprocessing = 0;
			shellPath = /bin/sh;
			shellScript = "diff \"${PODS_PODFILE_DIR_PATH}/Podfile.lock\" \"${PODS_ROOT}/Manifest.lock\" > /dev/null\nif [ $? != 0 ] ; then\n    # print error to STDERR\n    echo \"error: The sandbox is not in sync with the Podfile.lock. Run 'pod install' or update your CocoaPods installation.\" >&2\n    exit 1\nfi\n# This output is used by Xcode 'outputs' to avoid re-running this script phase.\necho \"SUCCESS\" > \"${SCRIPT_OUTPUT_FILE_0}\"\n";
			showEnvVarsInLog = 0;
		};
		F68315F09B3159EC057914AD /* [CP] Check Pods Manifest.lock */ = {
			isa = PBXShellScriptBuildPhase;
			buildActionMask = 2147483647;
			files = (
			);
			inputFileListPaths = (
			);
			inputPaths = (
				"${PODS_PODFILE_DIR_PATH}/Podfile.lock",
				"${PODS_ROOT}/Manifest.lock",
			);
			name = "[CP] Check Pods Manifest.lock";
			outputFileListPaths = (
			);
			outputPaths = (
				"$(DERIVED_FILE_DIR)/Pods-DaPai-checkManifestLockResult.txt",
			);
			runOnlyForDeploymentPostprocessing = 0;
			shellPath = /bin/sh;
			shellScript = "diff \"${PODS_PODFILE_DIR_PATH}/Podfile.lock\" \"${PODS_ROOT}/Manifest.lock\" > /dev/null\nif [ $? != 0 ] ; then\n    # print error to STDERR\n    echo \"error: The sandbox is not in sync with the Podfile.lock. Run 'pod install' or update your CocoaPods installation.\" >&2\n    exit 1\nfi\n# This output is used by Xcode 'outputs' to avoid re-running this script phase.\necho \"SUCCESS\" > \"${SCRIPT_OUTPUT_FILE_0}\"\n";
			showEnvVarsInLog = 0;
		};
/* End PBXShellScriptBuildPhase section */

/* Begin PBXSourcesBuildPhase section */
		B0F1B7BA22E70ED6003B6FD6 /* Sources */ = {
			isa = PBXSourcesBuildPhase;
			buildActionMask = 2147483647;
			files = (
				B0F1B7C422E70ED6003B6FD6 /* ViewController.swift in Sources */,
				B0F1B7C222E70ED6003B6FD6 /* AppDelegate.swift in Sources */,
			);
			runOnlyForDeploymentPostprocessing = 0;
		};
		B0F1B7CE22E70ED8003B6FD6 /* Sources */ = {
			isa = PBXSourcesBuildPhase;
			buildActionMask = 2147483647;
			files = (
				B0F1B7D722E70ED8003B6FD6 /* DaPaiTests.swift in Sources */,
			);
			runOnlyForDeploymentPostprocessing = 0;
		};
		B0F1B7D922E70ED8003B6FD6 /* Sources */ = {
			isa = PBXSourcesBuildPhase;
			buildActionMask = 2147483647;
			files = (
				B0F1B7E222E70ED8003B6FD6 /* DaPaiUITests.swift in Sources */,
			);
			runOnlyForDeploymentPostprocessing = 0;
		};
/* End PBXSourcesBuildPhase section */

/* Begin PBXTargetDependency section */
		B0F1B7D422E70ED8003B6FD6 /* PBXTargetDependency */ = {
			isa = PBXTargetDependency;
			target = B0F1B7BD22E70ED6003B6FD6 /* DaPai */;
			targetProxy = B0F1B7D322E70ED8003B6FD6 /* PBXContainerItemProxy */;
		};
		B0F1B7DF22E70ED8003B6FD6 /* PBXTargetDependency */ = {
			isa = PBXTargetDependency;
			target = B0F1B7BD22E70ED6003B6FD6 /* DaPai */;
			targetProxy = B0F1B7DE22E70ED8003B6FD6 /* PBXContainerItemProxy */;
		};
/* End PBXTargetDependency section */

/* Begin PBXVariantGroup section */
		B0F1B7C522E70ED6003B6FD6 /* Main.storyboard */ = {
			isa = PBXVariantGroup;
			children = (
				B0F1B7C622E70ED6003B6FD6 /* Base */,
			);
			name = Main.storyboard;
			sourceTree = "<group>";
		};
		B0F1B7CA22E70ED8003B6FD6 /* LaunchScreen.storyboard */ = {
			isa = PBXVariantGroup;
			children = (
				B0F1B7CB22E70ED8003B6FD6 /* Base */,
			);
			name = LaunchScreen.storyboard;
			sourceTree = "<group>";
		};
/* End PBXVariantGroup section */

/* Begin XCBuildConfiguration section */
		B0F1B7E422E70ED8003B6FD6 /* Debug */ = {
			isa = XCBuildConfiguration;
			buildSettings = {
				ALWAYS_SEARCH_USER_PATHS = NO;
				CLANG_ANALYZER_NONNULL = YES;
				CLANG_ANALYZER_NUMBER_OBJECT_CONVERSION = YES_AGGRESSIVE;
				CLANG_CXX_LANGUAGE_STANDARD = "gnu++14";
				CLANG_CXX_LIBRARY = "libc++";
				CLANG_ENABLE_MODULES = YES;
				CLANG_ENABLE_OBJC_ARC = YES;
				CLANG_ENABLE_OBJC_WEAK = YES;
				CLANG_WARN_BLOCK_CAPTURE_AUTORELEASING = YES;
				CLANG_WARN_BOOL_CONVERSION = YES;
				CLANG_WARN_COMMA = YES;
				CLANG_WARN_CONSTANT_CONVERSION = YES;
				CLANG_WARN_DEPRECATED_OBJC_IMPLEMENTATIONS = YES;
				CLANG_WARN_DIRECT_OBJC_ISA_USAGE = YES_ERROR;
				CLANG_WARN_DOCUMENTATION_COMMENTS = YES;
				CLANG_WARN_EMPTY_BODY = YES;
				CLANG_WARN_ENUM_CONVERSION = YES;
				CLANG_WARN_INFINITE_RECURSION = YES;
				CLANG_WARN_INT_CONVERSION = YES;
				CLANG_WARN_NON_LITERAL_NULL_CONVERSION = YES;
				CLANG_WARN_OBJC_IMPLICIT_RETAIN_SELF = YES;
				CLANG_WARN_OBJC_LITERAL_CONVERSION = YES;
				CLANG_WARN_OBJC_ROOT_CLASS = YES_ERROR;
				CLANG_WARN_RANGE_LOOP_ANALYSIS = YES;
				CLANG_WARN_STRICT_PROTOTYPES = YES;
				CLANG_WARN_SUSPICIOUS_MOVE = YES;
				CLANG_WARN_UNGUARDED_AVAILABILITY = YES_AGGRESSIVE;
				CLANG_WARN_UNREACHABLE_CODE = YES;
				CLANG_WARN__DUPLICATE_METHOD_MATCH = YES;
				CODE_SIGN_IDENTITY = "iPhone Developer";
				COPY_PHASE_STRIP = NO;
				DEBUG_INFORMATION_FORMAT = dwarf;
				ENABLE_STRICT_OBJC_MSGSEND = YES;
				ENABLE_TESTABILITY = YES;
				GCC_C_LANGUAGE_STANDARD = gnu11;
				GCC_DYNAMIC_NO_PIC = NO;
				GCC_NO_COMMON_BLOCKS = YES;
				GCC_OPTIMIZATION_LEVEL = 0;
				GCC_PREPROCESSOR_DEFINITIONS = (
					"DEBUG=1",
					"$(inherited)",
				);
				GCC_WARN_64_TO_32_BIT_CONVERSION = YES;
				GCC_WARN_ABOUT_RETURN_TYPE = YES_ERROR;
				GCC_WARN_UNDECLARED_SELECTOR = YES;
				GCC_WARN_UNINITIALIZED_AUTOS = YES_AGGRESSIVE;
				GCC_WARN_UNUSED_FUNCTION = YES;
				GCC_WARN_UNUSED_VARIABLE = YES;
				IPHONEOS_DEPLOYMENT_TARGET = 12.2;
				MTL_ENABLE_DEBUG_INFO = INCLUDE_SOURCE;
				MTL_FAST_MATH = YES;
				ONLY_ACTIVE_ARCH = YES;
				SDKROOT = iphoneos;
				SWIFT_ACTIVE_COMPILATION_CONDITIONS = DEBUG;
				SWIFT_OPTIMIZATION_LEVEL = "-Onone";
			};
			name = Debug;
		};
		B0F1B7E522E70ED8003B6FD6 /* Release */ = {
			isa = XCBuildConfiguration;
			buildSettings = {
				ALWAYS_SEARCH_USER_PATHS = NO;
				CLANG_ANALYZER_NONNULL = YES;
				CLANG_ANALYZER_NUMBER_OBJECT_CONVERSION = YES_AGGRESSIVE;
				CLANG_CXX_LANGUAGE_STANDARD = "gnu++14";
				CLANG_CXX_LIBRARY = "libc++";
				CLANG_ENABLE_MODULES = YES;
				CLANG_ENABLE_OBJC_ARC = YES;
				CLANG_ENABLE_OBJC_WEAK = YES;
				CLANG_WARN_BLOCK_CAPTURE_AUTORELEASING = YES;
				CLANG_WARN_BOOL_CONVERSION = YES;
				CLANG_WARN_COMMA = YES;
				CLANG_WARN_CONSTANT_CONVERSION = YES;
				CLANG_WARN_DEPRECATED_OBJC_IMPLEMENTATIONS = YES;
				CLANG_WARN_DIRECT_OBJC_ISA_USAGE = YES_ERROR;
				CLANG_WARN_DOCUMENTATION_COMMENTS = YES;
				CLANG_WARN_EMPTY_BODY = YES;
				CLANG_WARN_ENUM_CONVERSION = YES;
				CLANG_WARN_INFINITE_RECURSION = YES;
				CLANG_WARN_INT_CONVERSION = YES;
				CLANG_WARN_NON_LITERAL_NULL_CONVERSION = YES;
				CLANG_WARN_OBJC_IMPLICIT_RETAIN_SELF = YES;
				CLANG_WARN_OBJC_LITERAL_CONVERSION = YES;
				CLANG_WARN_OBJC_ROOT_CLASS = YES_ERROR;
				CLANG_WARN_RANGE_LOOP_ANALYSIS = YES;
				CLANG_WARN_STRICT_PROTOTYPES = YES;
				CLANG_WARN_SUSPICIOUS_MOVE = YES;
				CLANG_WARN_UNGUARDED_AVAILABILITY = YES_AGGRESSIVE;
				CLANG_WARN_UNREACHABLE_CODE = YES;
				CLANG_WARN__DUPLICATE_METHOD_MATCH = YES;
				CODE_SIGN_IDENTITY = "iPhone Developer";
				COPY_PHASE_STRIP = NO;
				DEBUG_INFORMATION_FORMAT = "dwarf-with-dsym";
				ENABLE_NS_ASSERTIONS = NO;
				ENABLE_STRICT_OBJC_MSGSEND = YES;
				GCC_C_LANGUAGE_STANDARD = gnu11;
				GCC_NO_COMMON_BLOCKS = YES;
				GCC_WARN_64_TO_32_BIT_CONVERSION = YES;
				GCC_WARN_ABOUT_RETURN_TYPE = YES_ERROR;
				GCC_WARN_UNDECLARED_SELECTOR = YES;
				GCC_WARN_UNINITIALIZED_AUTOS = YES_AGGRESSIVE;
				GCC_WARN_UNUSED_FUNCTION = YES;
				GCC_WARN_UNUSED_VARIABLE = YES;
				IPHONEOS_DEPLOYMENT_TARGET = 12.2;
				MTL_ENABLE_DEBUG_INFO = NO;
				MTL_FAST_MATH = YES;
				SDKROOT = iphoneos;
				SWIFT_COMPILATION_MODE = wholemodule;
				SWIFT_OPTIMIZATION_LEVEL = "-O";
				VALIDATE_PRODUCT = YES;
			};
			name = Release;
		};
		B0F1B7E722E70ED8003B6FD6 /* Debug */ = {
			isa = XCBuildConfiguration;
			baseConfigurationReference = 70C42C4E333154A6D2B7DDAE /* Pods-DaPai.debug.xcconfig */;
			buildSettings = {
				ASSETCATALOG_COMPILER_APPICON_NAME = AppIcon;
				CODE_SIGN_STYLE = Automatic;
				DEVELOPMENT_TEAM = AKQ77KAV43;
				INFOPLIST_FILE = DaPai/Info.plist;
				IPHONEOS_DEPLOYMENT_TARGET = 11.0;
				LD_RUNPATH_SEARCH_PATHS = (
					"$(inherited)",
					"@executable_path/Frameworks",
				);
				PRODUCT_BUNDLE_IDENTIFIER = com.DepartmentSeven.DaPai;
				PRODUCT_NAME = "$(TARGET_NAME)";
				SWIFT_VERSION = 4.2;
				TARGETED_DEVICE_FAMILY = "1,2";
			};
			name = Debug;
		};
		B0F1B7E822E70ED8003B6FD6 /* Release */ = {
			isa = XCBuildConfiguration;
			baseConfigurationReference = 48A3B7ADACE3AF89084C3ED6 /* Pods-DaPai.release.xcconfig */;
			buildSettings = {
				ASSETCATALOG_COMPILER_APPICON_NAME = AppIcon;
				CODE_SIGN_STYLE = Automatic;
				DEVELOPMENT_TEAM = AKQ77KAV43;
				INFOPLIST_FILE = DaPai/Info.plist;
				IPHONEOS_DEPLOYMENT_TARGET = 11.0;
				LD_RUNPATH_SEARCH_PATHS = (
					"$(inherited)",
					"@executable_path/Frameworks",
				);
				PRODUCT_BUNDLE_IDENTIFIER = com.DepartmentSeven.DaPai;
				PRODUCT_NAME = "$(TARGET_NAME)";
				SWIFT_VERSION = 4.2;
				TARGETED_DEVICE_FAMILY = "1,2";
			};
			name = Release;
		};
		B0F1B7EA22E70ED8003B6FD6 /* Debug */ = {
			isa = XCBuildConfiguration;
			baseConfigurationReference = 421E28430F3CC330849800E0 /* Pods-DaPaiTests.debug.xcconfig */;
			buildSettings = {
				ALWAYS_EMBED_SWIFT_STANDARD_LIBRARIES = YES;
				BUNDLE_LOADER = "$(TEST_HOST)";
				CODE_SIGN_STYLE = Automatic;
				DEVELOPMENT_TEAM = RTYX9CUK68;
				INFOPLIST_FILE = DaPaiTests/Info.plist;
				LD_RUNPATH_SEARCH_PATHS = (
					"$(inherited)",
					"@executable_path/Frameworks",
					"@loader_path/Frameworks",
				);
				PRODUCT_BUNDLE_IDENTIFIER = com.DepartmentSeven.DaPaiTests;
				PRODUCT_NAME = "$(TARGET_NAME)";
				SWIFT_VERSION = 5.0;
				TARGETED_DEVICE_FAMILY = "1,2";
				TEST_HOST = "$(BUILT_PRODUCTS_DIR)/DaPai.app/DaPai";
			};
			name = Debug;
		};
		B0F1B7EB22E70ED8003B6FD6 /* Release */ = {
			isa = XCBuildConfiguration;
			baseConfigurationReference = B755A28C3FA312EA1CB0D2FA /* Pods-DaPaiTests.release.xcconfig */;
			buildSettings = {
				ALWAYS_EMBED_SWIFT_STANDARD_LIBRARIES = YES;
				BUNDLE_LOADER = "$(TEST_HOST)";
				CODE_SIGN_STYLE = Automatic;
				DEVELOPMENT_TEAM = RTYX9CUK68;
				INFOPLIST_FILE = DaPaiTests/Info.plist;
				LD_RUNPATH_SEARCH_PATHS = (
					"$(inherited)",
					"@executable_path/Frameworks",
					"@loader_path/Frameworks",
				);
				PRODUCT_BUNDLE_IDENTIFIER = com.DepartmentSeven.DaPaiTests;
				PRODUCT_NAME = "$(TARGET_NAME)";
				SWIFT_VERSION = 5.0;
				TARGETED_DEVICE_FAMILY = "1,2";
				TEST_HOST = "$(BUILT_PRODUCTS_DIR)/DaPai.app/DaPai";
			};
			name = Release;
		};
		B0F1B7ED22E70ED8003B6FD6 /* Debug */ = {
			isa = XCBuildConfiguration;
			baseConfigurationReference = B40C14672FC8016D03005187 /* Pods-DaPaiUITests.debug.xcconfig */;
			buildSettings = {
				ALWAYS_EMBED_SWIFT_STANDARD_LIBRARIES = YES;
				CODE_SIGN_STYLE = Automatic;
				DEVELOPMENT_TEAM = RTYX9CUK68;
				INFOPLIST_FILE = DaPaiUITests/Info.plist;
				LD_RUNPATH_SEARCH_PATHS = (
					"$(inherited)",
					"@executable_path/Frameworks",
					"@loader_path/Frameworks",
				);
				PRODUCT_BUNDLE_IDENTIFIER = com.DepartmentSeven.DaPaiUITests;
				PRODUCT_NAME = "$(TARGET_NAME)";
				SWIFT_VERSION = 5.0;
				TARGETED_DEVICE_FAMILY = "1,2";
				TEST_TARGET_NAME = DaPai;
			};
			name = Debug;
		};
		B0F1B7EE22E70ED8003B6FD6 /* Release */ = {
			isa = XCBuildConfiguration;
			baseConfigurationReference = BC090B680C1CBD2949492964 /* Pods-DaPaiUITests.release.xcconfig */;
			buildSettings = {
				ALWAYS_EMBED_SWIFT_STANDARD_LIBRARIES = YES;
				CODE_SIGN_STYLE = Automatic;
				DEVELOPMENT_TEAM = RTYX9CUK68;
				INFOPLIST_FILE = DaPaiUITests/Info.plist;
				LD_RUNPATH_SEARCH_PATHS = (
					"$(inherited)",
					"@executable_path/Frameworks",
					"@loader_path/Frameworks",
				);
				PRODUCT_BUNDLE_IDENTIFIER = com.DepartmentSeven.DaPaiUITests;
				PRODUCT_NAME = "$(TARGET_NAME)";
				SWIFT_VERSION = 5.0;
				TARGETED_DEVICE_FAMILY = "1,2";
				TEST_TARGET_NAME = DaPai;
			};
			name = Release;
		};
/* End XCBuildConfiguration section */

/* Begin XCConfigurationList section */
		B0F1B7B922E70ED6003B6FD6 /* Build configuration list for PBXProject "DaPai" */ = {
			isa = XCConfigurationList;
			buildConfigurations = (
				B0F1B7E422E70ED8003B6FD6 /* Debug */,
				B0F1B7E522E70ED8003B6FD6 /* Release */,
			);
			defaultConfigurationIsVisible = 0;
			defaultConfigurationName = Release;
		};
		B0F1B7E622E70ED8003B6FD6 /* Build configuration list for PBXNativeTarget "DaPai" */ = {
			isa = XCConfigurationList;
			buildConfigurations = (
				B0F1B7E722E70ED8003B6FD6 /* Debug */,
				B0F1B7E822E70ED8003B6FD6 /* Release */,
			);
			defaultConfigurationIsVisible = 0;
			defaultConfigurationName = Release;
		};
		B0F1B7E922E70ED8003B6FD6 /* Build configuration list for PBXNativeTarget "DaPaiTests" */ = {
			isa = XCConfigurationList;
			buildConfigurations = (
				B0F1B7EA22E70ED8003B6FD6 /* Debug */,
				B0F1B7EB22E70ED8003B6FD6 /* Release */,
			);
			defaultConfigurationIsVisible = 0;
			defaultConfigurationName = Release;
		};
		B0F1B7EC22E70ED8003B6FD6 /* Build configuration list for PBXNativeTarget "DaPaiUITests" */ = {
			isa = XCConfigurationList;
			buildConfigurations = (
				B0F1B7ED22E70ED8003B6FD6 /* Debug */,
				B0F1B7EE22E70ED8003B6FD6 /* Release */,
			);
			defaultConfigurationIsVisible = 0;
			defaultConfigurationName = Release;
		};
/* End XCConfigurationList section */
	};
	rootObject = B0F1B7B622E70ED6003B6FD6 /* Project object */;
}
